
Microsoft Visual Studio Solution File, Format Version 12.00
# Visual Studio Version 17
VisualStudioVersion = 17.7.34003.232
MinimumVisualStudioVersion = 10.0.40219.1
Project("{FAE04EC0-301F-11D3-BF4B-00C04F79EFBC}") = "Harjoitus 18 (KT)", "Harjoitus 18 (KT)\Harjoitus 18 (KT).csproj", "{9DD4D16C-69BF-4961-895E-9702870C9F66}"
EndProject
Global
	GlobalSection(SolutionConfigurationPlatforms) = preSolution
		Debug|Any CPU = Debug|Any CPU
		Release|Any CPU = Release|Any CPU
	EndGlobalSection
	GlobalSection(ProjectConfigurationPlatforms) = postSolution
		{9DD4D16C-69BF-4961-895E-9702870C9F66}.Debug|Any CPU.ActiveCfg = Debug|Any CPU
		{9DD4D16C-69BF-4961-895E-9702870C9F66}.Debug|Any CPU.Build.0 = Debug|Any CPU
		{9DD4D16C-69BF-4961-895E-9702870C9F66}.Release|Any CPU.ActiveCfg = Release|Any CPU
		{9DD4D16C-69BF-4961-895E-9702870C9F66}.Release|Any CPU.Build.0 = Release|Any CPU
	EndGlobalSection
	GlobalSection(SolutionProperties) = preSolution
		HideSolutionNode = FALSE
	EndGlobalSection
	GlobalSection(ExtensibilityGlobals) = postSolution
		SolutionGuid = {A7A6F623-F9E2-49C0-9655-33CB68AE73A2}
	EndGlobalSection
EndGlobal
